// !$*UTF8*$!
{
	archiveVersion = 1;
	classes = {
	};
	objectVersion = 46;
	objects = {

/* Begin PBXBuildFile section */
		321E0E291A1C813E001EE205 /* BackgroundRecController.swift in Sources */ = {isa = PBXBuildFile; fileRef = 321E0E281A1C813E001EE205 /* BackgroundRecController.swift */; };
		842F3AA519F7B062006F2AB4 /* AppDelegate.swift in Sources */ = {isa = PBXBuildFile; fileRef = 842F3AA419F7B062006F2AB4 /* AppDelegate.swift */; };
		842F3AA719F7B062006F2AB4 /* ViewController.swift in Sources */ = {isa = PBXBuildFile; fileRef = 842F3AA619F7B062006F2AB4 /* ViewController.swift */; };
		842F3AAA19F7B062006F2AB4 /* Main.storyboard in Resources */ = {isa = PBXBuildFile; fileRef = 842F3AA819F7B062006F2AB4 /* Main.storyboard */; };
		842F3AAC19F7B062006F2AB4 /* Images.xcassets in Resources */ = {isa = PBXBuildFile; fileRef = 842F3AAB19F7B062006F2AB4 /* Images.xcassets */; };
		842F3AAF19F7B062006F2AB4 /* LaunchScreen.xib in Resources */ = {isa = PBXBuildFile; fileRef = 842F3AAD19F7B062006F2AB4 /* LaunchScreen.xib */; };
		842F3ABB19F7B062006F2AB4 /* AndanteTests.swift in Sources */ = {isa = PBXBuildFile; fileRef = 842F3ABA19F7B062006F2AB4 /* AndanteTests.swift */; };
		842F3ACB19F7B119006F2AB4 /* NotificationCenter.framework in Frameworks */ = {isa = PBXBuildFile; fileRef = 842F3ACA19F7B119006F2AB4 /* NotificationCenter.framework */; };
		842F3AD019F7B119006F2AB4 /* TodayViewController.swift in Sources */ = {isa = PBXBuildFile; fileRef = 842F3ACF19F7B119006F2AB4 /* TodayViewController.swift */; };
		842F3AD219F7B119006F2AB4 /* MainInterface.storyboard in Resources */ = {isa = PBXBuildFile; fileRef = 842F3AD119F7B119006F2AB4 /* MainInterface.storyboard */; };
		842F3AD519F7B119006F2AB4 /* AndanteWidget.appex in Embed App Extensions */ = {isa = PBXBuildFile; fileRef = 842F3AC819F7B119006F2AB4 /* AndanteWidget.appex */; settings = {ATTRIBUTES = (RemoveHeadersOnCopy, ); }; };
		8454975C19F7BA7600AF7530 /* MapKit.framework in Frameworks */ = {isa = PBXBuildFile; fileRef = 8454972A19F7B8B700AF7530 /* MapKit.framework */; };
		84816C0C19FF79C500A01B80 /* Model.xcdatamodeld in Sources */ = {isa = PBXBuildFile; fileRef = 84816C0A19FF79C500A01B80 /* Model.xcdatamodeld */; };
		84816C0D19FF79C500A01B80 /* Model.xcdatamodeld in Sources */ = {isa = PBXBuildFile; fileRef = 84816C0A19FF79C500A01B80 /* Model.xcdatamodeld */; };
		84816C0F19FF79D600A01B80 /* PlayRouteManager.swift in Sources */ = {isa = PBXBuildFile; fileRef = 84816C0E19FF79D600A01B80 /* PlayRouteManager.swift */; };
		84816C1019FF79D600A01B80 /* PlayRouteManager.swift in Sources */ = {isa = PBXBuildFile; fileRef = 84816C0E19FF79D600A01B80 /* PlayRouteManager.swift */; };
		84816C1419FF7A7F00A01B80 /* PlayRoute.swift in Sources */ = {isa = PBXBuildFile; fileRef = 84816C1319FF7A7F00A01B80 /* PlayRoute.swift */; };
		84816C1519FF7A7F00A01B80 /* PlayRoute.swift in Sources */ = {isa = PBXBuildFile; fileRef = 84816C1319FF7A7F00A01B80 /* PlayRoute.swift */; };
		E24CDDEE1A134F8200A2EF6E /* CoreData.framework in Frameworks */ = {isa = PBXBuildFile; fileRef = E24CDDED1A134F8200A2EF6E /* CoreData.framework */; };
		E24CDDF01A134F8C00A2EF6E /* CoreLocation.framework in Frameworks */ = {isa = PBXBuildFile; fileRef = E24CDDEF1A134F8C00A2EF6E /* CoreLocation.framework */; };
		E24CDDF21A134F9B00A2EF6E /* MediaPlayer.framework in Frameworks */ = {isa = PBXBuildFile; fileRef = E24CDDF11A134F9B00A2EF6E /* MediaPlayer.framework */; };
		E24CDDF31A134FCB00A2EF6E /* CoreData.framework in Frameworks */ = {isa = PBXBuildFile; fileRef = E24CDDED1A134F8200A2EF6E /* CoreData.framework */; };
		E24CDDF41A134FD400A2EF6E /* CoreLocation.framework in Frameworks */ = {isa = PBXBuildFile; fileRef = E24CDDEF1A134F8C00A2EF6E /* CoreLocation.framework */; };
		E24CDDF51A134FFE00A2EF6E /* MediaPlayer.framework in Frameworks */ = {isa = PBXBuildFile; fileRef = E24CDDF11A134F9B00A2EF6E /* MediaPlayer.framework */; };
/* End PBXBuildFile section */

/* Begin PBXContainerItemProxy section */
		842F3AB519F7B062006F2AB4 /* PBXContainerItemProxy */ = {
			isa = PBXContainerItemProxy;
			containerPortal = 842F3A9719F7B061006F2AB4 /* Project object */;
			proxyType = 1;
			remoteGlobalIDString = 842F3A9E19F7B062006F2AB4;
			remoteInfo = Andante;
		};
		842F3AD319F7B119006F2AB4 /* PBXContainerItemProxy */ = {
			isa = PBXContainerItemProxy;
			containerPortal = 842F3A9719F7B061006F2AB4 /* Project object */;
			proxyType = 1;
			remoteGlobalIDString = 842F3AC719F7B119006F2AB4;
			remoteInfo = AndanteWidget;
		};
		842F3AD619F7B119006F2AB4 /* PBXContainerItemProxy */ = {
			isa = PBXContainerItemProxy;
			containerPortal = 842F3A9719F7B061006F2AB4 /* Project object */;
			proxyType = 1;
			remoteGlobalIDString = 842F3AC719F7B119006F2AB4;
			remoteInfo = AndanteWidget;
		};
/* End PBXContainerItemProxy section */

/* Begin PBXCopyFilesBuildPhase section */
		842F3ADB19F7B119006F2AB4 /* Embed App Extensions */ = {
			isa = PBXCopyFilesBuildPhase;
			buildActionMask = 2147483647;
			dstPath = "";
			dstSubfolderSpec = 13;
			files = (
				842F3AD519F7B119006F2AB4 /* AndanteWidget.appex in Embed App Extensions */,
			);
			name = "Embed App Extensions";
			runOnlyForDeploymentPostprocessing = 0;
		};
/* End PBXCopyFilesBuildPhase section */

/* Begin PBXFileReference section */
		321E0E281A1C813E001EE205 /* BackgroundRecController.swift */ = {isa = PBXFileReference; fileEncoding = 4; lastKnownFileType = sourcecode.swift; path = BackgroundRecController.swift; sourceTree = "<group>"; };
		842F3A9F19F7B062006F2AB4 /* Andante.app */ = {isa = PBXFileReference; explicitFileType = wrapper.application; includeInIndex = 0; path = Andante.app; sourceTree = BUILT_PRODUCTS_DIR; };
		842F3AA319F7B062006F2AB4 /* Info.plist */ = {isa = PBXFileReference; lastKnownFileType = text.plist.xml; path = Info.plist; sourceTree = "<group>"; };
		842F3AA419F7B062006F2AB4 /* AppDelegate.swift */ = {isa = PBXFileReference; lastKnownFileType = sourcecode.swift; path = AppDelegate.swift; sourceTree = "<group>"; };
		842F3AA619F7B062006F2AB4 /* ViewController.swift */ = {isa = PBXFileReference; lastKnownFileType = sourcecode.swift; path = ViewController.swift; sourceTree = "<group>"; };
		842F3AA919F7B062006F2AB4 /* Base */ = {isa = PBXFileReference; lastKnownFileType = file.storyboard; name = Base; path = Base.lproj/Main.storyboard; sourceTree = "<group>"; };
		842F3AAB19F7B062006F2AB4 /* Images.xcassets */ = {isa = PBXFileReference; lastKnownFileType = folder.assetcatalog; path = Images.xcassets; sourceTree = "<group>"; };
		842F3AAE19F7B062006F2AB4 /* Base */ = {isa = PBXFileReference; lastKnownFileType = file.xib; name = Base; path = Base.lproj/LaunchScreen.xib; sourceTree = "<group>"; };
		842F3AB419F7B062006F2AB4 /* AndanteTests.xctest */ = {isa = PBXFileReference; explicitFileType = wrapper.cfbundle; includeInIndex = 0; path = AndanteTests.xctest; sourceTree = BUILT_PRODUCTS_DIR; };
		842F3AB919F7B062006F2AB4 /* Info.plist */ = {isa = PBXFileReference; lastKnownFileType = text.plist.xml; path = Info.plist; sourceTree = "<group>"; };
		842F3ABA19F7B062006F2AB4 /* AndanteTests.swift */ = {isa = PBXFileReference; lastKnownFileType = sourcecode.swift; path = AndanteTests.swift; sourceTree = "<group>"; };
		842F3AC819F7B119006F2AB4 /* AndanteWidget.appex */ = {isa = PBXFileReference; explicitFileType = "wrapper.app-extension"; includeInIndex = 0; path = AndanteWidget.appex; sourceTree = BUILT_PRODUCTS_DIR; };
		842F3ACA19F7B119006F2AB4 /* NotificationCenter.framework */ = {isa = PBXFileReference; lastKnownFileType = wrapper.framework; name = NotificationCenter.framework; path = System/Library/Frameworks/NotificationCenter.framework; sourceTree = SDKROOT; };
		842F3ACE19F7B119006F2AB4 /* Info.plist */ = {isa = PBXFileReference; lastKnownFileType = text.plist.xml; path = Info.plist; sourceTree = "<group>"; };
		842F3ACF19F7B119006F2AB4 /* TodayViewController.swift */ = {isa = PBXFileReference; lastKnownFileType = sourcecode.swift; path = TodayViewController.swift; sourceTree = "<group>"; };
		842F3AD119F7B119006F2AB4 /* MainInterface.storyboard */ = {isa = PBXFileReference; lastKnownFileType = file.storyboard; path = MainInterface.storyboard; sourceTree = "<group>"; };
		8454972A19F7B8B700AF7530 /* MapKit.framework */ = {isa = PBXFileReference; lastKnownFileType = wrapper.framework; name = MapKit.framework; path = System/Library/Frameworks/MapKit.framework; sourceTree = SDKROOT; };
		84816C0B19FF79C500A01B80 /* PlayRoute.xcdatamodel */ = {isa = PBXFileReference; lastKnownFileType = wrapper.xcdatamodel; path = PlayRoute.xcdatamodel; sourceTree = "<group>"; };
		84816C0E19FF79D600A01B80 /* PlayRouteManager.swift */ = {isa = PBXFileReference; fileEncoding = 4; lastKnownFileType = sourcecode.swift; path = PlayRouteManager.swift; sourceTree = "<group>"; };
		84816C1119FF7A3500A01B80 /* AndanteWidget.entitlements */ = {isa = PBXFileReference; lastKnownFileType = text.xml; path = AndanteWidget.entitlements; sourceTree = "<group>"; };
		84816C1219FF7A5100A01B80 /* Andante.entitlements */ = {isa = PBXFileReference; lastKnownFileType = text.xml; path = Andante.entitlements; sourceTree = "<group>"; };
		84816C1319FF7A7F00A01B80 /* PlayRoute.swift */ = {isa = PBXFileReference; fileEncoding = 4; lastKnownFileType = sourcecode.swift; path = PlayRoute.swift; sourceTree = "<group>"; };
		E24CDDED1A134F8200A2EF6E /* CoreData.framework */ = {isa = PBXFileReference; lastKnownFileType = wrapper.framework; name = CoreData.framework; path = System/Library/Frameworks/CoreData.framework; sourceTree = SDKROOT; };
		E24CDDEF1A134F8C00A2EF6E /* CoreLocation.framework */ = {isa = PBXFileReference; lastKnownFileType = wrapper.framework; name = CoreLocation.framework; path = System/Library/Frameworks/CoreLocation.framework; sourceTree = SDKROOT; };
		E24CDDF11A134F9B00A2EF6E /* MediaPlayer.framework */ = {isa = PBXFileReference; lastKnownFileType = wrapper.framework; name = MediaPlayer.framework; path = System/Library/Frameworks/MediaPlayer.framework; sourceTree = SDKROOT; };
/* End PBXFileReference section */

/* Begin PBXFrameworksBuildPhase section */
		842F3A9C19F7B062006F2AB4 /* Frameworks */ = {
			isa = PBXFrameworksBuildPhase;
			buildActionMask = 2147483647;
			files = (
				E24CDDF21A134F9B00A2EF6E /* MediaPlayer.framework in Frameworks */,
				E24CDDF01A134F8C00A2EF6E /* CoreLocation.framework in Frameworks */,
				E24CDDEE1A134F8200A2EF6E /* CoreData.framework in Frameworks */,
				8454975C19F7BA7600AF7530 /* MapKit.framework in Frameworks */,
			);
			runOnlyForDeploymentPostprocessing = 0;
		};
		842F3AB119F7B062006F2AB4 /* Frameworks */ = {
			isa = PBXFrameworksBuildPhase;
			buildActionMask = 2147483647;
			files = (
			);
			runOnlyForDeploymentPostprocessing = 0;
		};
		842F3AC519F7B119006F2AB4 /* Frameworks */ = {
			isa = PBXFrameworksBuildPhase;
			buildActionMask = 2147483647;
			files = (
				E24CDDF51A134FFE00A2EF6E /* MediaPlayer.framework in Frameworks */,
				E24CDDF41A134FD400A2EF6E /* CoreLocation.framework in Frameworks */,
				E24CDDF31A134FCB00A2EF6E /* CoreData.framework in Frameworks */,
				842F3ACB19F7B119006F2AB4 /* NotificationCenter.framework in Frameworks */,
			);
			runOnlyForDeploymentPostprocessing = 0;
		};
/* End PBXFrameworksBuildPhase section */

/* Begin PBXGroup section */
		842F3A9619F7B061006F2AB4 = {
			isa = PBXGroup;
			children = (
				842F3AA119F7B062006F2AB4 /* Andante */,
				842F3AB719F7B062006F2AB4 /* AndanteTests */,
				842F3ACC19F7B119006F2AB4 /* AndanteWidget */,
				842F3AC919F7B119006F2AB4 /* Frameworks */,
				842F3AA019F7B062006F2AB4 /* Products */,
			);
			sourceTree = "<group>";
		};
		842F3AA019F7B062006F2AB4 /* Products */ = {
			isa = PBXGroup;
			children = (
				842F3A9F19F7B062006F2AB4 /* Andante.app */,
				842F3AB419F7B062006F2AB4 /* AndanteTests.xctest */,
				842F3AC819F7B119006F2AB4 /* AndanteWidget.appex */,
			);
			name = Products;
			sourceTree = "<group>";
		};
		842F3AA119F7B062006F2AB4 /* Andante */ = {
			isa = PBXGroup;
			children = (
				321E0E281A1C813E001EE205 /* BackgroundRecController.swift */,
				84816C1219FF7A5100A01B80 /* Andante.entitlements */,
				842F3AA419F7B062006F2AB4 /* AppDelegate.swift */,
				842F3AA619F7B062006F2AB4 /* ViewController.swift */,
				84816C0A19FF79C500A01B80 /* Model.xcdatamodeld */,
				84816C1319FF7A7F00A01B80 /* PlayRoute.swift */,
				842F3AA819F7B062006F2AB4 /* Main.storyboard */,
				842F3AAB19F7B062006F2AB4 /* Images.xcassets */,
				842F3AAD19F7B062006F2AB4 /* LaunchScreen.xib */,
				842F3AA219F7B062006F2AB4 /* Supporting Files */,
				84816C0E19FF79D600A01B80 /* PlayRouteManager.swift */,
			);
			path = Andante;
			sourceTree = "<group>";
		};
		842F3AA219F7B062006F2AB4 /* Supporting Files */ = {
			isa = PBXGroup;
			children = (
				842F3AA319F7B062006F2AB4 /* Info.plist */,
			);
			name = "Supporting Files";
			sourceTree = "<group>";
		};
		842F3AB719F7B062006F2AB4 /* AndanteTests */ = {
			isa = PBXGroup;
			children = (
				842F3ABA19F7B062006F2AB4 /* AndanteTests.swift */,
				842F3AB819F7B062006F2AB4 /* Supporting Files */,
			);
			path = AndanteTests;
			sourceTree = "<group>";
		};
		842F3AB819F7B062006F2AB4 /* Supporting Files */ = {
			isa = PBXGroup;
			children = (
				842F3AB919F7B062006F2AB4 /* Info.plist */,
			);
			name = "Supporting Files";
			sourceTree = "<group>";
		};
		842F3AC919F7B119006F2AB4 /* Frameworks */ = {
			isa = PBXGroup;
			children = (
				E24CDDF11A134F9B00A2EF6E /* MediaPlayer.framework */,
				E24CDDEF1A134F8C00A2EF6E /* CoreLocation.framework */,
				E24CDDED1A134F8200A2EF6E /* CoreData.framework */,
				8454972A19F7B8B700AF7530 /* MapKit.framework */,
				842F3ACA19F7B119006F2AB4 /* NotificationCenter.framework */,
			);
			name = Frameworks;
			sourceTree = "<group>";
		};
		842F3ACC19F7B119006F2AB4 /* AndanteWidget */ = {
			isa = PBXGroup;
			children = (
				84816C1119FF7A3500A01B80 /* AndanteWidget.entitlements */,
				842F3ACF19F7B119006F2AB4 /* TodayViewController.swift */,
				842F3AD119F7B119006F2AB4 /* MainInterface.storyboard */,
				842F3ACD19F7B119006F2AB4 /* Supporting Files */,
			);
			path = AndanteWidget;
			sourceTree = "<group>";
		};
		842F3ACD19F7B119006F2AB4 /* Supporting Files */ = {
			isa = PBXGroup;
			children = (
				842F3ACE19F7B119006F2AB4 /* Info.plist */,
			);
			name = "Supporting Files";
			sourceTree = "<group>";
		};
/* End PBXGroup section */

/* Begin PBXNativeTarget section */
		842F3A9E19F7B062006F2AB4 /* Andante */ = {
			isa = PBXNativeTarget;
			buildConfigurationList = 842F3ABE19F7B062006F2AB4 /* Build configuration list for PBXNativeTarget "Andante" */;
			buildPhases = (
				842F3A9B19F7B062006F2AB4 /* Sources */,
				842F3A9C19F7B062006F2AB4 /* Frameworks */,
				842F3A9D19F7B062006F2AB4 /* Resources */,
				842F3ADB19F7B119006F2AB4 /* Embed App Extensions */,
			);
			buildRules = (
			);
			dependencies = (
				842F3AD419F7B119006F2AB4 /* PBXTargetDependency */,
				842F3AD719F7B119006F2AB4 /* PBXTargetDependency */,
			);
			name = Andante;
			productName = Andante;
			productReference = 842F3A9F19F7B062006F2AB4 /* Andante.app */;
			productType = "com.apple.product-type.application";
		};
		842F3AB319F7B062006F2AB4 /* AndanteTests */ = {
			isa = PBXNativeTarget;
			buildConfigurationList = 842F3AC119F7B062006F2AB4 /* Build configuration list for PBXNativeTarget "AndanteTests" */;
			buildPhases = (
				842F3AB019F7B062006F2AB4 /* Sources */,
				842F3AB119F7B062006F2AB4 /* Frameworks */,
				842F3AB219F7B062006F2AB4 /* Resources */,
			);
			buildRules = (
			);
			dependencies = (
				842F3AB619F7B062006F2AB4 /* PBXTargetDependency */,
			);
			name = AndanteTests;
			productName = AndanteTests;
			productReference = 842F3AB419F7B062006F2AB4 /* AndanteTests.xctest */;
			productType = "com.apple.product-type.bundle.unit-test";
		};
		842F3AC719F7B119006F2AB4 /* AndanteWidget */ = {
			isa = PBXNativeTarget;
			buildConfigurationList = 842F3AD819F7B119006F2AB4 /* Build configuration list for PBXNativeTarget "AndanteWidget" */;
			buildPhases = (
				842F3AC419F7B119006F2AB4 /* Sources */,
				842F3AC519F7B119006F2AB4 /* Frameworks */,
				842F3AC619F7B119006F2AB4 /* Resources */,
			);
			buildRules = (
			);
			dependencies = (
			);
			name = AndanteWidget;
			productName = AndanteWidget;
			productReference = 842F3AC819F7B119006F2AB4 /* AndanteWidget.appex */;
			productType = "com.apple.product-type.app-extension";
		};
/* End PBXNativeTarget section */

/* Begin PBXProject section */
		842F3A9719F7B061006F2AB4 /* Project object */ = {
			isa = PBXProject;
			attributes = {
				LastUpgradeCheck = 0600;
				ORGANIZATIONNAME = sadp;
				TargetAttributes = {
					842F3A9E19F7B062006F2AB4 = {
						CreatedOnToolsVersion = 6.0.1;
						DevelopmentTeam = R32GV6S8RM;
						SystemCapabilities = {
							com.apple.ApplicationGroups.iOS = {
								enabled = 1;
							};
							com.apple.BackgroundModes = {
								enabled = 1;
							};
						};
					};
					842F3AB319F7B062006F2AB4 = {
						CreatedOnToolsVersion = 6.0.1;
						TestTargetID = 842F3A9E19F7B062006F2AB4;
					};
					842F3AC719F7B119006F2AB4 = {
						CreatedOnToolsVersion = 6.0.1;
						DevelopmentTeam = R32GV6S8RM;
						SystemCapabilities = {
							com.apple.ApplicationGroups.iOS = {
								enabled = 1;
							};
						};
					};
				};
			};
			buildConfigurationList = 842F3A9A19F7B061006F2AB4 /* Build configuration list for PBXProject "Andante" */;
			compatibilityVersion = "Xcode 3.2";
			developmentRegion = English;
			hasScannedForEncodings = 0;
			knownRegions = (
				en,
				Base,
			);
			mainGroup = 842F3A9619F7B061006F2AB4;
			productRefGroup = 842F3AA019F7B062006F2AB4 /* Products */;
			projectDirPath = "";
			projectRoot = "";
			targets = (
				842F3A9E19F7B062006F2AB4 /* Andante */,
				842F3AB319F7B062006F2AB4 /* AndanteTests */,
				842F3AC719F7B119006F2AB4 /* AndanteWidget */,
			);
		};
/* End PBXProject section */

/* Begin PBXResourcesBuildPhase section */
		842F3A9D19F7B062006F2AB4 /* Resources */ = {
			isa = PBXResourcesBuildPhase;
			buildActionMask = 2147483647;
			files = (
				842F3AAA19F7B062006F2AB4 /* Main.storyboard in Resources */,
				842F3AAF19F7B062006F2AB4 /* LaunchScreen.xib in Resources */,
				842F3AAC19F7B062006F2AB4 /* Images.xcassets in Resources */,
			);
			runOnlyForDeploymentPostprocessing = 0;
		};
		842F3AB219F7B062006F2AB4 /* Resources */ = {
			isa = PBXResourcesBuildPhase;
			buildActionMask = 2147483647;
			files = (
			);
			runOnlyForDeploymentPostprocessing = 0;
		};
		842F3AC619F7B119006F2AB4 /* Resources */ = {
			isa = PBXResourcesBuildPhase;
			buildActionMask = 2147483647;
			files = (
				842F3AD219F7B119006F2AB4 /* MainInterface.storyboard in Resources */,
			);
			runOnlyForDeploymentPostprocessing = 0;
		};
/* End PBXResourcesBuildPhase section */

/* Begin PBXSourcesBuildPhase section */
		842F3A9B19F7B062006F2AB4 /* Sources */ = {
			isa = PBXSourcesBuildPhase;
			buildActionMask = 2147483647;
			files = (
				842F3AA719F7B062006F2AB4 /* ViewController.swift in Sources */,
				84816C0F19FF79D600A01B80 /* PlayRouteManager.swift in Sources */,
				321E0E291A1C813E001EE205 /* BackgroundRecController.swift in Sources */,
				84816C1419FF7A7F00A01B80 /* PlayRoute.swift in Sources */,
				842F3AA519F7B062006F2AB4 /* AppDelegate.swift in Sources */,
				84816C0C19FF79C500A01B80 /* Model.xcdatamodeld in Sources */,
			);
			runOnlyForDeploymentPostprocessing = 0;
		};
		842F3AB019F7B062006F2AB4 /* Sources */ = {
			isa = PBXSourcesBuildPhase;
			buildActionMask = 2147483647;
			files = (
				842F3ABB19F7B062006F2AB4 /* AndanteTests.swift in Sources */,
			);
			runOnlyForDeploymentPostprocessing = 0;
		};
		842F3AC419F7B119006F2AB4 /* Sources */ = {
			isa = PBXSourcesBuildPhase;
			buildActionMask = 2147483647;
			files = (
				842F3AD019F7B119006F2AB4 /* TodayViewController.swift in Sources */,
				84816C1019FF79D600A01B80 /* PlayRouteManager.swift in Sources */,
				84816C0D19FF79C500A01B80 /* Model.xcdatamodeld in Sources */,
				84816C1519FF7A7F00A01B80 /* PlayRoute.swift in Sources */,
			);
			runOnlyForDeploymentPostprocessing = 0;
		};
/* End PBXSourcesBuildPhase section */

/* Begin PBXTargetDependency section */
		842F3AB619F7B062006F2AB4 /* PBXTargetDependency */ = {
			isa = PBXTargetDependency;
			target = 842F3A9E19F7B062006F2AB4 /* Andante */;
			targetProxy = 842F3AB519F7B062006F2AB4 /* PBXContainerItemProxy */;
		};
		842F3AD419F7B119006F2AB4 /* PBXTargetDependency */ = {
			isa = PBXTargetDependency;
			target = 842F3AC719F7B119006F2AB4 /* AndanteWidget */;
			targetProxy = 842F3AD319F7B119006F2AB4 /* PBXContainerItemProxy */;
		};
		842F3AD719F7B119006F2AB4 /* PBXTargetDependency */ = {
			isa = PBXTargetDependency;
			target = 842F3AC719F7B119006F2AB4 /* AndanteWidget */;
			targetProxy = 842F3AD619F7B119006F2AB4 /* PBXContainerItemProxy */;
		};
/* End PBXTargetDependency section */

/* Begin PBXVariantGroup section */
		842F3AA819F7B062006F2AB4 /* Main.storyboard */ = {
			isa = PBXVariantGroup;
			children = (
				842F3AA919F7B062006F2AB4 /* Base */,
			);
			name = Main.storyboard;
			sourceTree = "<group>";
		};
		842F3AAD19F7B062006F2AB4 /* LaunchScreen.xib */ = {
			isa = PBXVariantGroup;
			children = (
				842F3AAE19F7B062006F2AB4 /* Base */,
			);
			name = LaunchScreen.xib;
			sourceTree = "<group>";
		};
/* End PBXVariantGroup section */

/* Begin XCBuildConfiguration section */
		842F3ABC19F7B062006F2AB4 /* Debug */ = {
			isa = XCBuildConfiguration;
			buildSettings = {
				ALWAYS_SEARCH_USER_PATHS = NO;
				CLANG_CXX_LANGUAGE_STANDARD = "gnu++0x";
				CLANG_CXX_LIBRARY = "libc++";
				CLANG_ENABLE_MODULES = YES;
				CLANG_ENABLE_OBJC_ARC = YES;
				CLANG_WARN_BOOL_CONVERSION = YES;
				CLANG_WARN_CONSTANT_CONVERSION = YES;
				CLANG_WARN_DIRECT_OBJC_ISA_USAGE = YES_ERROR;
				CLANG_WARN_EMPTY_BODY = YES;
				CLANG_WARN_ENUM_CONVERSION = YES;
				CLANG_WARN_INT_CONVERSION = YES;
				CLANG_WARN_OBJC_ROOT_CLASS = YES_ERROR;
				CLANG_WARN_UNREACHABLE_CODE = YES;
				CLANG_WARN__DUPLICATE_METHOD_MATCH = YES;
				"CODE_SIGN_IDENTITY[sdk=iphoneos*]" = "iPhone Developer";
				COPY_PHASE_STRIP = NO;
				ENABLE_STRICT_OBJC_MSGSEND = YES;
				GCC_C_LANGUAGE_STANDARD = gnu99;
				GCC_DYNAMIC_NO_PIC = NO;
				GCC_OPTIMIZATION_LEVEL = 0;
				GCC_PREPROCESSOR_DEFINITIONS = (
					"DEBUG=1",
					"$(inherited)",
				);
				GCC_SYMBOLS_PRIVATE_EXTERN = NO;
				GCC_WARN_64_TO_32_BIT_CONVERSION = YES;
				GCC_WARN_ABOUT_RETURN_TYPE = YES_ERROR;
				GCC_WARN_UNDECLARED_SELECTOR = YES;
				GCC_WARN_UNINITIALIZED_AUTOS = YES_AGGRESSIVE;
				GCC_WARN_UNUSED_FUNCTION = YES;
				GCC_WARN_UNUSED_VARIABLE = YES;
				IPHONEOS_DEPLOYMENT_TARGET = 8.0;
				MTL_ENABLE_DEBUG_INFO = YES;
				ONLY_ACTIVE_ARCH = YES;
				SDKROOT = iphoneos;
				SWIFT_OPTIMIZATION_LEVEL = "-Onone";
			};
			name = Debug;
		};
		842F3ABD19F7B062006F2AB4 /* Release */ = {
			isa = XCBuildConfiguration;
			buildSettings = {
				ALWAYS_SEARCH_USER_PATHS = NO;
				CLANG_CXX_LANGUAGE_STANDARD = "gnu++0x";
				CLANG_CXX_LIBRARY = "libc++";
				CLANG_ENABLE_MODULES = YES;
				CLANG_ENABLE_OBJC_ARC = YES;
				CLANG_WARN_BOOL_CONVERSION = YES;
				CLANG_WARN_CONSTANT_CONVERSION = YES;
				CLANG_WARN_DIRECT_OBJC_ISA_USAGE = YES_ERROR;
				CLANG_WARN_EMPTY_BODY = YES;
				CLANG_WARN_ENUM_CONVERSION = YES;
				CLANG_WARN_INT_CONVERSION = YES;
				CLANG_WARN_OBJC_ROOT_CLASS = YES_ERROR;
				CLANG_WARN_UNREACHABLE_CODE = YES;
				CLANG_WARN__DUPLICATE_METHOD_MATCH = YES;
				"CODE_SIGN_IDENTITY[sdk=iphoneos*]" = "iPhone Developer";
				COPY_PHASE_STRIP = YES;
				ENABLE_NS_ASSERTIONS = NO;
				ENABLE_STRICT_OBJC_MSGSEND = YES;
				GCC_C_LANGUAGE_STANDARD = gnu99;
				GCC_WARN_64_TO_32_BIT_CONVERSION = YES;
				GCC_WARN_ABOUT_RETURN_TYPE = YES_ERROR;
				GCC_WARN_UNDECLARED_SELECTOR = YES;
				GCC_WARN_UNINITIALIZED_AUTOS = YES_AGGRESSIVE;
				GCC_WARN_UNUSED_FUNCTION = YES;
				GCC_WARN_UNUSED_VARIABLE = YES;
				IPHONEOS_DEPLOYMENT_TARGET = 8.0;
				MTL_ENABLE_DEBUG_INFO = NO;
				SDKROOT = iphoneos;
				VALIDATE_PRODUCT = YES;
			};
			name = Release;
		};
		842F3ABF19F7B062006F2AB4 /* Debug */ = {
			isa = XCBuildConfiguration;
			buildSettings = {
				ASSETCATALOG_COMPILER_APPICON_NAME = AppIcon;
				CODE_SIGN_ENTITLEMENTS = Andante/Andante.entitlements;
				CODE_SIGN_IDENTITY = "iPhone Developer";
				"CODE_SIGN_IDENTITY[sdk=iphoneos*]" = "iPhone Developer";
				INFOPLIST_FILE = Andante/Info.plist;
				LD_RUNPATH_SEARCH_PATHS = "$(inherited) @executable_path/Frameworks";
				PRODUCT_NAME = "$(TARGET_NAME)";
				PROVISIONING_PROFILE = "";
			};
			name = Debug;
		};
		842F3AC019F7B062006F2AB4 /* Release */ = {
			isa = XCBuildConfiguration;
			buildSettings = {
				ASSETCATALOG_COMPILER_APPICON_NAME = AppIcon;
				CODE_SIGN_ENTITLEMENTS = Andante/Andante.entitlements;
				CODE_SIGN_IDENTITY = "iPhone Developer";
				"CODE_SIGN_IDENTITY[sdk=iphoneos*]" = "iPhone Developer";
				INFOPLIST_FILE = Andante/Info.plist;
				LD_RUNPATH_SEARCH_PATHS = "$(inherited) @executable_path/Frameworks";
				PRODUCT_NAME = "$(TARGET_NAME)";
				PROVISIONING_PROFILE = "";
			};
			name = Release;
		};
		842F3AC219F7B062006F2AB4 /* Debug */ = {
			isa = XCBuildConfiguration;
			buildSettings = {
				BUNDLE_LOADER = "$(TEST_HOST)";
				FRAMEWORK_SEARCH_PATHS = (
					"$(SDKROOT)/Developer/Library/Frameworks",
					"$(inherited)",
				);
				GCC_PREPROCESSOR_DEFINITIONS = (
					"DEBUG=1",
					"$(inherited)",
				);
				INFOPLIST_FILE = AndanteTests/Info.plist;
				LD_RUNPATH_SEARCH_PATHS = "$(inherited) @executable_path/Frameworks @loader_path/Frameworks";
				PRODUCT_NAME = "$(TARGET_NAME)";
				TEST_HOST = "$(BUILT_PRODUCTS_DIR)/Andante.app/Andante";
			};
			name = Debug;
		};
		842F3AC319F7B062006F2AB4 /* Release */ = {
			isa = XCBuildConfiguration;
			buildSettings = {
				BUNDLE_LOADER = "$(TEST_HOST)";
				FRAMEWORK_SEARCH_PATHS = (
					"$(SDKROOT)/Developer/Library/Frameworks",
					"$(inherited)",
				);
				INFOPLIST_FILE = AndanteTests/Info.plist;
				LD_RUNPATH_SEARCH_PATHS = "$(inherited) @executable_path/Frameworks @loader_path/Frameworks";
				PRODUCT_NAME = "$(TARGET_NAME)";
				TEST_HOST = "$(BUILT_PRODUCTS_DIR)/Andante.app/Andante";
			};
			name = Release;
		};
		842F3AD919F7B119006F2AB4 /* Debug */ = {
			isa = XCBuildConfiguration;
			buildSettings = {
				CODE_SIGN_ENTITLEMENTS = AndanteWidget/AndanteWidget.entitlements;
				CODE_SIGN_IDENTITY = "iPhone Developer";
				"CODE_SIGN_IDENTITY[sdk=iphoneos*]" = "iPhone Developer";
				GCC_PREPROCESSOR_DEFINITIONS = (
					"DEBUG=1",
					"$(inherited)",
				);
				INFOPLIST_FILE = AndanteWidget/Info.plist;
				LD_RUNPATH_SEARCH_PATHS = "$(inherited) @executable_path/Frameworks @executable_path/../../Frameworks";
				PRODUCT_NAME = "$(TARGET_NAME)";
				PROVISIONING_PROFILE = "";
				SKIP_INSTALL = YES;
			};
			name = Debug;
		};
		842F3ADA19F7B119006F2AB4 /* Release */ = {
			isa = XCBuildConfiguration;
			buildSettings = {
				CODE_SIGN_ENTITLEMENTS = AndanteWidget/AndanteWidget.entitlements;
				CODE_SIGN_IDENTITY = "iPhone Developer";
				"CODE_SIGN_IDENTITY[sdk=iphoneos*]" = "iPhone Developer";
				INFOPLIST_FILE = AndanteWidget/Info.plist;
				LD_RUNPATH_SEARCH_PATHS = "$(inherited) @executable_path/Frameworks @executable_path/../../Frameworks";
				PRODUCT_NAME = "$(TARGET_NAME)";
				PROVISIONING_PROFILE = "";
				SKIP_INSTALL = YES;
			};
			name = Release;
		};
/* End XCBuildConfiguration section */

/* Begin XCConfigurationList section */
		842F3A9A19F7B061006F2AB4 /* Build configuration list for PBXProject "Andante" */ = {
			isa = XCConfigurationList;
			buildConfigurations = (
				842F3ABC19F7B062006F2AB4 /* Debug */,
				842F3ABD19F7B062006F2AB4 /* Release */,
			);
			defaultConfigurationIsVisible = 0;
			defaultConfigurationName = Release;
		};
		842F3ABE19F7B062006F2AB4 /* Build configuration list for PBXNativeTarget "Andante" */ = {
			isa = XCConfigurationList;
			buildConfigurations = (
				842F3ABF19F7B062006F2AB4 /* Debug */,
				842F3AC019F7B062006F2AB4 /* Release */,
			);
			defaultConfigurationIsVisible = 0;
			defaultConfigurationName = Release;
		};
		842F3AC119F7B062006F2AB4 /* Build configuration list for PBXNativeTarget "AndanteTests" */ = {
			isa = XCConfigurationList;
			buildConfigurations = (
				842F3AC219F7B062006F2AB4 /* Debug */,
				842F3AC319F7B062006F2AB4 /* Release */,
			);
			defaultConfigurationIsVisible = 0;
			defaultConfigurationName = Release;
		};
		842F3AD819F7B119006F2AB4 /* Build configuration list for PBXNativeTarget "AndanteWidget" */ = {
			isa = XCConfigurationList;
			buildConfigurations = (
				842F3AD919F7B119006F2AB4 /* Debug */,
				842F3ADA19F7B119006F2AB4 /* Release */,
			);
			defaultConfigurationIsVisible = 0;
			defaultConfigurationName = Release;
		};
/* End XCConfigurationList section */

/* Begin XCVersionGroup section */
		84816C0A19FF79C500A01B80 /* Model.xcdatamodeld */ = {
			isa = XCVersionGroup;
			children = (
				84816C0B19FF79C500A01B80 /* PlayRoute.xcdatamodel */,
			);
			currentVersion = 84816C0B19FF79C500A01B80 /* PlayRoute.xcdatamodel */;
			path = Model.xcdatamodeld;
			sourceTree = "<group>";
			versionGroupType = wrapper.xcdatamodel;
		};
/* End XCVersionGroup section */
	};
	rootObject = 842F3A9719F7B061006F2AB4 /* Project object */;
}
